
Microsoft Visual Studio Solution File, Format Version 12.00
# Visual Studio 15
VisualStudioVersion = 15.0.28307.1831
MinimumVisualStudioVersion = 10.0.40219.1
Project("{FAE04EC0-301F-11D3-BF4B-00C04F79EFBC}") = "UNIPOL", "UNIPOL\UNIPOL.csproj", "{20A9C9B5-F245-42FF-8468-91AEAEF273EE}"
EndProject
Project("{FAE04EC0-301F-11D3-BF4B-00C04F79EFBC}") = "UNIPOL.EN", "..\UNIPOL.EN\UNIPOL.EN.csproj", "{6223820D-E656-41E5-9093-C8A65EB31FBC}"
EndProject
Project("{FAE04EC0-301F-11D3-BF4B-00C04F79EFBC}") = "UNIPOL.BO", "UNIPOL.BO\UNIPOL.BO.csproj", "{CF87FBAA-6B67-4A9C-8A31-C7589BB3FFBB}"
EndProject
Project("{FAE04EC0-301F-11D3-BF4B-00C04F79EFBC}") = "UNIPOL.DA", "UNIPOL.DA\UNIPOL.DA.csproj", "{706F9BBB-1AD7-49C6-AD6E-A467C77A65BC}"
EndProject
Global
	GlobalSection(SolutionConfigurationPlatforms) = preSolution
		Debug|Any CPU = Debug|Any CPU
		Release|Any CPU = Release|Any CPU
	EndGlobalSection
	GlobalSection(ProjectConfigurationPlatforms) = postSolution
		{20A9C9B5-F245-42FF-8468-91AEAEF273EE}.Debug|Any CPU.ActiveCfg = Debug|Any CPU
		{20A9C9B5-F245-42FF-8468-91AEAEF273EE}.Debug|Any CPU.Build.0 = Debug|Any CPU
		{20A9C9B5-F245-42FF-8468-91AEAEF273EE}.Release|Any CPU.ActiveCfg = Release|Any CPU
		{20A9C9B5-F245-42FF-8468-91AEAEF273EE}.Release|Any CPU.Build.0 = Release|Any CPU
		{6223820D-E656-41E5-9093-C8A65EB31FBC}.Debug|Any CPU.ActiveCfg = Debug|Any CPU
		{6223820D-E656-41E5-9093-C8A65EB31FBC}.Debug|Any CPU.Build.0 = Debug|Any CPU
		{6223820D-E656-41E5-9093-C8A65EB31FBC}.Release|Any CPU.ActiveCfg = Release|Any CPU
		{6223820D-E656-41E5-9093-C8A65EB31FBC}.Release|Any CPU.Build.0 = Release|Any CPU
		{CF87FBAA-6B67-4A9C-8A31-C7589BB3FFBB}.Debug|Any CPU.ActiveCfg = Debug|Any CPU
		{CF87FBAA-6B67-4A9C-8A31-C7589BB3FFBB}.Debug|Any CPU.Build.0 = Debug|Any CPU
		{CF87FBAA-6B67-4A9C-8A31-C7589BB3FFBB}.Release|Any CPU.ActiveCfg = Release|Any CPU
		{CF87FBAA-6B67-4A9C-8A31-C7589BB3FFBB}.Release|Any CPU.Build.0 = Release|Any CPU
		{706F9BBB-1AD7-49C6-AD6E-A467C77A65BC}.Debug|Any CPU.ActiveCfg = Debug|Any CPU
		{706F9BBB-1AD7-49C6-AD6E-A467C77A65BC}.Debug|Any CPU.Build.0 = Debug|Any CPU
		{706F9BBB-1AD7-49C6-AD6E-A467C77A65BC}.Release|Any CPU.ActiveCfg = Release|Any CPU
		{706F9BBB-1AD7-49C6-AD6E-A467C77A65BC}.Release|Any CPU.Build.0 = Release|Any CPU
	EndGlobalSection
	GlobalSection(SolutionProperties) = preSolution
		HideSolutionNode = FALSE
	EndGlobalSection
	GlobalSection(ExtensibilityGlobals) = postSolution
		SolutionGuid = {2EAF5E0E-98CA-400D-97B3-C26B4B9536A7}
	EndGlobalSection
EndGlobal
